
Microsoft Visual Studio Solution File, Format Version 12.00
# Visual Studio 15
VisualStudioVersion = 15.0.27130.2020
MinimumVisualStudioVersion = 10.0.40219.1
Project("{FAE04EC0-301F-11D3-BF4B-00C04F79EFBC}") = "LinkDownloader.Console", "LinkDownloader.Console\LinkDownloader.Console.csproj", "{C48874B9-9AF7-4E10-BFCB-2841E7607B86}"
EndProject
Project("{FAE04EC0-301F-11D3-BF4B-00C04F79EFBC}") = "LinkDownloader.Core", "LinkDownloader.Core\LinkDownloader.Core.csproj", "{7D731C80-5B67-489E-B7AB-AE886E940F24}"
EndProject
Global
	GlobalSection(SolutionConfigurationPlatforms) = preSolution
		Debug|Any CPU = Debug|Any CPU
		Release|Any CPU = Release|Any CPU
	EndGlobalSection
	GlobalSection(ProjectConfigurationPlatforms) = postSolution
		{C48874B9-9AF7-4E10-BFCB-2841E7607B86}.Debug|Any CPU.ActiveCfg = Debug|Any CPU
		{C48874B9-9AF7-4E10-BFCB-2841E7607B86}.Debug|Any CPU.Build.0 = Debug|Any CPU
		{C48874B9-9AF7-4E10-BFCB-2841E7607B86}.Release|Any CPU.ActiveCfg = Release|Any CPU
		{C48874B9-9AF7-4E10-BFCB-2841E7607B86}.Release|Any CPU.Build.0 = Release|Any CPU
		{7D731C80-5B67-489E-B7AB-AE886E940F24}.Debug|Any CPU.ActiveCfg = Debug|Any CPU
		{7D731C80-5B67-489E-B7AB-AE886E940F24}.Debug|Any CPU.Build.0 = Debug|Any CPU
		{7D731C80-5B67-489E-B7AB-AE886E940F24}.Release|Any CPU.ActiveCfg = Release|Any CPU
		{7D731C80-5B67-489E-B7AB-AE886E940F24}.Release|Any CPU.Build.0 = Release|Any CPU
	EndGlobalSection
	GlobalSection(SolutionProperties) = preSolution
		HideSolutionNode = FALSE
	EndGlobalSection
	GlobalSection(ExtensibilityGlobals) = postSolution
		SolutionGuid = {C46219B2-2F0C-4828-8F24-88F8415C6B57}
	EndGlobalSection
EndGlobal
